
Microsoft Visual Studio Solution File, Format Version 12.00
# Visual Studio Version 17
VisualStudioVersion = 17.0.31903.59
MinimumVisualStudioVersion = 10.0.40219.1
Project("{2150E333-8FDC-42A3-9474-1A3956D46DE8}") = "SOLID", "SOLID", "{02EA681E-C7D8-13C7-8484-4AC65E1B71E8}"
EndProject
Project("{FAE04EC0-301F-11D3-BF4B-00C04F79EFBC}") = "SingleResponsibilityPrinciple", "SingleResponsibilityPrinciple\SingleResponsibilityPrinciple.csproj", "{22D1A91F-62B4-40D6-9674-54BDAA255CBE}"
EndProject
Project("{FAE04EC0-301F-11D3-BF4B-00C04F79EFBC}") = "OpenClosePrinciple", "OpenClosePrinciple\OpenClosePrinciple.csproj", "{D2889C7C-0C28-4B87-9302-33C63821644F}"
EndProject
Project("{FAE04EC0-301F-11D3-BF4B-00C04F79EFBC}") = "LiskovSubstitutionPrinciple", "LiskovSubstitutionPrinciple\LiskovSubstitutionPrinciple.csproj", "{5B0B18B1-781B-4223-A6EF-7CD27CE01661}"
EndProject
Project("{FAE04EC0-301F-11D3-BF4B-00C04F79EFBC}") = "InterfaceSeggregationPrincipal", "InterfaceSeggregationPrincipal\InterfaceSeggregationPrincipal.csproj", "{0DC4541A-DAA8-4A0A-9FA5-02FDEEAEAB42}"
EndProject
Project("{FAE04EC0-301F-11D3-BF4B-00C04F79EFBC}") = "DependencyInversionPrinciple", "DependencyInversionPrinciple\DependencyInversionPrinciple.csproj", "{4FF53102-3633-4EC8-93C1-1FD855682153}"
EndProject
Project("{2150E333-8FDC-42A3-9474-1A3956D46DE8}") = "MVVM", "MVVM", "{36C02EBA-D1AF-4510-83F6-EE627609E76D}"
EndProject
Project("{FAE04EC0-301F-11D3-BF4B-00C04F79EFBC}") = "EmployeeDashboard", "EmployeeDashboard\EmployeeDashboard.csproj", "{8A989891-0318-4631-91C6-149B33C589BB}"
EndProject
Project("{2150E333-8FDC-42A3-9474-1A3956D46DE8}") = "UnitTesting", "UnitTesting", "{EE302846-2A52-49E5-AAC6-0ECC2590AE9D}"
EndProject
Project("{FAE04EC0-301F-11D3-BF4B-00C04F79EFBC}") = "ParcelManager", "ParcelManager\ParcelManager.csproj", "{49692B55-FC8C-42D4-AC7B-E5EA9889A3D5}"
EndProject
Project("{FAE04EC0-301F-11D3-BF4B-00C04F79EFBC}") = "ParcelManagerTests", "ParcelManagerTests\ParcelManagerTests.csproj", "{119988B6-C69C-4381-B8BD-544155A900BD}"
EndProject
Project("{2150E333-8FDC-42A3-9474-1A3956D46DE8}") = "AuthenticationAndAutherization", "AuthenticationAndAutherization", "{CE678355-2F6F-45C4-96C0-BFC53BC7E435}"
EndProject
Project("{FAE04EC0-301F-11D3-BF4B-00C04F79EFBC}") = "AuthBAsics", "AuthBAsics\AuthBAsics.csproj", "{9FB52900-51A2-45F0-9E50-D0A465A23715}"
EndProject
Project("{FAE04EC0-301F-11D3-BF4B-00C04F79EFBC}") = "CertificateAuth", "CertificateAuth\CertificateAuth.csproj", "{A6F3A495-B678-4628-8414-32A0E89A8D59}"
EndProject
Project("{FAE04EC0-301F-11D3-BF4B-00C04F79EFBC}") = "Autharization", "Autharization\Autharization.csproj", "{F2854FD5-098C-4587-8EBD-1BB9880AA9BC}"
EndProject
Project("{FAE04EC0-301F-11D3-BF4B-00C04F79EFBC}") = "ConsoleApp1", "ConsoleApp1\ConsoleApp1.csproj", "{AE896BB3-D24F-43C2-A8A7-D424259A3AA2}"
EndProject
Global
	GlobalSection(SolutionConfigurationPlatforms) = preSolution
		Debug|Any CPU = Debug|Any CPU
		Release|Any CPU = Release|Any CPU
	EndGlobalSection
	GlobalSection(ProjectConfigurationPlatforms) = postSolution
		{22D1A91F-62B4-40D6-9674-54BDAA255CBE}.Debug|Any CPU.ActiveCfg = Debug|Any CPU
		{22D1A91F-62B4-40D6-9674-54BDAA255CBE}.Debug|Any CPU.Build.0 = Debug|Any CPU
		{22D1A91F-62B4-40D6-9674-54BDAA255CBE}.Release|Any CPU.ActiveCfg = Release|Any CPU
		{22D1A91F-62B4-40D6-9674-54BDAA255CBE}.Release|Any CPU.Build.0 = Release|Any CPU
		{D2889C7C-0C28-4B87-9302-33C63821644F}.Debug|Any CPU.ActiveCfg = Debug|Any CPU
		{D2889C7C-0C28-4B87-9302-33C63821644F}.Debug|Any CPU.Build.0 = Debug|Any CPU
		{D2889C7C-0C28-4B87-9302-33C63821644F}.Release|Any CPU.ActiveCfg = Release|Any CPU
		{D2889C7C-0C28-4B87-9302-33C63821644F}.Release|Any CPU.Build.0 = Release|Any CPU
		{5B0B18B1-781B-4223-A6EF-7CD27CE01661}.Debug|Any CPU.ActiveCfg = Debug|Any CPU
		{5B0B18B1-781B-4223-A6EF-7CD27CE01661}.Debug|Any CPU.Build.0 = Debug|Any CPU
		{5B0B18B1-781B-4223-A6EF-7CD27CE01661}.Release|Any CPU.ActiveCfg = Release|Any CPU
		{5B0B18B1-781B-4223-A6EF-7CD27CE01661}.Release|Any CPU.Build.0 = Release|Any CPU
		{0DC4541A-DAA8-4A0A-9FA5-02FDEEAEAB42}.Debug|Any CPU.ActiveCfg = Debug|Any CPU
		{0DC4541A-DAA8-4A0A-9FA5-02FDEEAEAB42}.Debug|Any CPU.Build.0 = Debug|Any CPU
		{0DC4541A-DAA8-4A0A-9FA5-02FDEEAEAB42}.Release|Any CPU.ActiveCfg = Release|Any CPU
		{0DC4541A-DAA8-4A0A-9FA5-02FDEEAEAB42}.Release|Any CPU.Build.0 = Release|Any CPU
		{4FF53102-3633-4EC8-93C1-1FD855682153}.Debug|Any CPU.ActiveCfg = Debug|Any CPU
		{4FF53102-3633-4EC8-93C1-1FD855682153}.Debug|Any CPU.Build.0 = Debug|Any CPU
		{4FF53102-3633-4EC8-93C1-1FD855682153}.Release|Any CPU.ActiveCfg = Release|Any CPU
		{4FF53102-3633-4EC8-93C1-1FD855682153}.Release|Any CPU.Build.0 = Release|Any CPU
		{8A989891-0318-4631-91C6-149B33C589BB}.Debug|Any CPU.ActiveCfg = Debug|Any CPU
		{8A989891-0318-4631-91C6-149B33C589BB}.Debug|Any CPU.Build.0 = Debug|Any CPU
		{8A989891-0318-4631-91C6-149B33C589BB}.Release|Any CPU.ActiveCfg = Release|Any CPU
		{8A989891-0318-4631-91C6-149B33C589BB}.Release|Any CPU.Build.0 = Release|Any CPU
		{49692B55-FC8C-42D4-AC7B-E5EA9889A3D5}.Debug|Any CPU.ActiveCfg = Debug|Any CPU
		{49692B55-FC8C-42D4-AC7B-E5EA9889A3D5}.Debug|Any CPU.Build.0 = Debug|Any CPU
		{49692B55-FC8C-42D4-AC7B-E5EA9889A3D5}.Release|Any CPU.ActiveCfg = Release|Any CPU
		{49692B55-FC8C-42D4-AC7B-E5EA9889A3D5}.Release|Any CPU.Build.0 = Release|Any CPU
		{119988B6-C69C-4381-B8BD-544155A900BD}.Debug|Any CPU.ActiveCfg = Debug|Any CPU
		{119988B6-C69C-4381-B8BD-544155A900BD}.Debug|Any CPU.Build.0 = Debug|Any CPU
		{119988B6-C69C-4381-B8BD-544155A900BD}.Release|Any CPU.ActiveCfg = Release|Any CPU
		{119988B6-C69C-4381-B8BD-544155A900BD}.Release|Any CPU.Build.0 = Release|Any CPU
		{9FB52900-51A2-45F0-9E50-D0A465A23715}.Debug|Any CPU.ActiveCfg = Debug|Any CPU
		{9FB52900-51A2-45F0-9E50-D0A465A23715}.Debug|Any CPU.Build.0 = Debug|Any CPU
		{9FB52900-51A2-45F0-9E50-D0A465A23715}.Release|Any CPU.ActiveCfg = Release|Any CPU
		{9FB52900-51A2-45F0-9E50-D0A465A23715}.Release|Any CPU.Build.0 = Release|Any CPU
		{A6F3A495-B678-4628-8414-32A0E89A8D59}.Debug|Any CPU.ActiveCfg = Debug|Any CPU
		{A6F3A495-B678-4628-8414-32A0E89A8D59}.Debug|Any CPU.Build.0 = Debug|Any CPU
		{A6F3A495-B678-4628-8414-32A0E89A8D59}.Release|Any CPU.ActiveCfg = Release|Any CPU
		{A6F3A495-B678-4628-8414-32A0E89A8D59}.Release|Any CPU.Build.0 = Release|Any CPU
		{F2854FD5-098C-4587-8EBD-1BB9880AA9BC}.Debug|Any CPU.ActiveCfg = Debug|Any CPU
		{F2854FD5-098C-4587-8EBD-1BB9880AA9BC}.Debug|Any CPU.Build.0 = Debug|Any CPU
		{F2854FD5-098C-4587-8EBD-1BB9880AA9BC}.Release|Any CPU.ActiveCfg = Release|Any CPU
		{F2854FD5-098C-4587-8EBD-1BB9880AA9BC}.Release|Any CPU.Build.0 = Release|Any CPU
		{AE896BB3-D24F-43C2-A8A7-D424259A3AA2}.Debug|Any CPU.ActiveCfg = Debug|Any CPU
		{AE896BB3-D24F-43C2-A8A7-D424259A3AA2}.Debug|Any CPU.Build.0 = Debug|Any CPU
		{AE896BB3-D24F-43C2-A8A7-D424259A3AA2}.Release|Any CPU.ActiveCfg = Release|Any CPU
		{AE896BB3-D24F-43C2-A8A7-D424259A3AA2}.Release|Any CPU.Build.0 = Release|Any CPU
	EndGlobalSection
	GlobalSection(SolutionProperties) = preSolution
		HideSolutionNode = FALSE
	EndGlobalSection
	GlobalSection(NestedProjects) = preSolution
		{22D1A91F-62B4-40D6-9674-54BDAA255CBE} = {02EA681E-C7D8-13C7-8484-4AC65E1B71E8}
		{D2889C7C-0C28-4B87-9302-33C63821644F} = {02EA681E-C7D8-13C7-8484-4AC65E1B71E8}
		{5B0B18B1-781B-4223-A6EF-7CD27CE01661} = {02EA681E-C7D8-13C7-8484-4AC65E1B71E8}
		{0DC4541A-DAA8-4A0A-9FA5-02FDEEAEAB42} = {02EA681E-C7D8-13C7-8484-4AC65E1B71E8}
		{4FF53102-3633-4EC8-93C1-1FD855682153} = {02EA681E-C7D8-13C7-8484-4AC65E1B71E8}
		{8A989891-0318-4631-91C6-149B33C589BB} = {36C02EBA-D1AF-4510-83F6-EE627609E76D}
		{49692B55-FC8C-42D4-AC7B-E5EA9889A3D5} = {EE302846-2A52-49E5-AAC6-0ECC2590AE9D}
		{119988B6-C69C-4381-B8BD-544155A900BD} = {EE302846-2A52-49E5-AAC6-0ECC2590AE9D}
		{9FB52900-51A2-45F0-9E50-D0A465A23715} = {CE678355-2F6F-45C4-96C0-BFC53BC7E435}
		{A6F3A495-B678-4628-8414-32A0E89A8D59} = {CE678355-2F6F-45C4-96C0-BFC53BC7E435}
		{F2854FD5-098C-4587-8EBD-1BB9880AA9BC} = {CE678355-2F6F-45C4-96C0-BFC53BC7E435}
		{AE896BB3-D24F-43C2-A8A7-D424259A3AA2} = {CE678355-2F6F-45C4-96C0-BFC53BC7E435}
	EndGlobalSection
	GlobalSection(ExtensibilityGlobals) = postSolution
		SolutionGuid = {9B4B97DA-1CE3-48EC-94DC-DDD9E1BD991F}
	EndGlobalSection
EndGlobal
